
Microsoft Visual Studio Solution File, Format Version 12.00
# Visual Studio 15
VisualStudioVersion = 15.0.27428.2037
MinimumVisualStudioVersion = 10.0.40219.1
Project("{9A19103F-16F7-4668-BE54-9A1E7A4F7556}") = "Taleem", "Taleem\Taleem.csproj", "{F96BDC67-74AD-4228-B827-74BCF369CC4B}"
EndProject
Project("{9A19103F-16F7-4668-BE54-9A1E7A4F7556}") = "Taleem.Data", "Taleem.Data\Taleem.Data.csproj", "{26410FEA-615B-4570-A3E1-04899733E355}"
EndProject
Project("{FAE04EC0-301F-11D3-BF4B-00C04F79EFBC}") = "Taleem.BAL", "Taleem.BAL\Taleem.BAL.csproj", "{C4CA5017-ED80-4860-834D-5D55934A184E}"
EndProject
Global
	GlobalSection(SolutionConfigurationPlatforms) = preSolution
		Debug|Any CPU = Debug|Any CPU
		Release|Any CPU = Release|Any CPU
	EndGlobalSection
	GlobalSection(ProjectConfigurationPlatforms) = postSolution
		{F96BDC67-74AD-4228-B827-74BCF369CC4B}.Debug|Any CPU.ActiveCfg = Debug|Any CPU
		{F96BDC67-74AD-4228-B827-74BCF369CC4B}.Debug|Any CPU.Build.0 = Debug|Any CPU
		{F96BDC67-74AD-4228-B827-74BCF369CC4B}.Release|Any CPU.ActiveCfg = Release|Any CPU
		{F96BDC67-74AD-4228-B827-74BCF369CC4B}.Release|Any CPU.Build.0 = Release|Any CPU
		{26410FEA-615B-4570-A3E1-04899733E355}.Debug|Any CPU.ActiveCfg = Debug|Any CPU
		{26410FEA-615B-4570-A3E1-04899733E355}.Debug|Any CPU.Build.0 = Debug|Any CPU
		{26410FEA-615B-4570-A3E1-04899733E355}.Release|Any CPU.ActiveCfg = Release|Any CPU
		{26410FEA-615B-4570-A3E1-04899733E355}.Release|Any CPU.Build.0 = Release|Any CPU
		{C4CA5017-ED80-4860-834D-5D55934A184E}.Debug|Any CPU.ActiveCfg = Debug|Any CPU
		{C4CA5017-ED80-4860-834D-5D55934A184E}.Debug|Any CPU.Build.0 = Debug|Any CPU
		{C4CA5017-ED80-4860-834D-5D55934A184E}.Release|Any CPU.ActiveCfg = Release|Any CPU
		{C4CA5017-ED80-4860-834D-5D55934A184E}.Release|Any CPU.Build.0 = Release|Any CPU
	EndGlobalSection
	GlobalSection(SolutionProperties) = preSolution
		HideSolutionNode = FALSE
	EndGlobalSection
	GlobalSection(ExtensibilityGlobals) = postSolution
		SolutionGuid = {0A2C6469-4DA7-4362-A370-C7DCCC384455}
	EndGlobalSection
EndGlobal
